
Microsoft Visual Studio Solution File, Format Version 12.00
# Visual Studio 14
VisualStudioVersion = 14.0.25420.1
MinimumVisualStudioVersion = 10.0.40219.1
Project("{FAE04EC0-301F-11D3-BF4B-00C04F79EFBC}") = "WEB", "MVPG52\WEB.csproj", "{2C7771E4-C3C0-4C63-A481-B666700CEE39}"
EndProject
Project("{FAE04EC0-301F-11D3-BF4B-00C04F79EFBC}") = "Core", "Core\Core.csproj", "{1B9450B2-104B-4A42-808F-CFF67E547EAD}"
EndProject
Project("{FAE04EC0-301F-11D3-BF4B-00C04F79EFBC}") = "WIN", "WIN\WIN.csproj", "{ABE43508-B442-4D8F-AE39-0BF18BE6B1CE}"
EndProject
Project("{E24C65DC-7377-472B-9ABA-BC803B73C61A}") = "ReportsWebsite1", "..\..\Documents\Visual Studio 2015\WebSites\ReportsWebsite1\", "{DFD7C31E-044F-4450-A189-CB9694880A4A}"
	ProjectSection(WebsiteProperties) = preProject
		TargetFrameworkMoniker = ".NETFramework,Version%3Dv4.5.2"
		ProjectReferences = "{1b9450b2-104b-4a42-808f-cff67e547ead}|Core.dll;"
		Debug.AspNetCompiler.VirtualPath = "/localhost_16748"
		Debug.AspNetCompiler.PhysicalPath = "..\..\Documents\Visual Studio 2015\WebSites\ReportsWebsite1\"
		Debug.AspNetCompiler.TargetPath = "PrecompiledWeb\localhost_16748\"
		Debug.AspNetCompiler.Updateable = "true"
		Debug.AspNetCompiler.ForceOverwrite = "true"
		Debug.AspNetCompiler.FixedNames = "false"
		Debug.AspNetCompiler.Debug = "True"
		Release.AspNetCompiler.VirtualPath = "/localhost_16748"
		Release.AspNetCompiler.PhysicalPath = "..\..\Documents\Visual Studio 2015\WebSites\ReportsWebsite1\"
		Release.AspNetCompiler.TargetPath = "PrecompiledWeb\localhost_16748\"
		Release.AspNetCompiler.Updateable = "true"
		Release.AspNetCompiler.ForceOverwrite = "true"
		Release.AspNetCompiler.FixedNames = "false"
		Release.AspNetCompiler.Debug = "False"
		VWDPort = "16748"
		SlnRelativePath = "..\..\Documents\Visual Studio 2015\WebSites\ReportsWebsite1\"
	EndProjectSection
EndProject
Project("{2150E333-8FDC-42A3-9474-1A3956D46DE8}") = "Solution Items", "Solution Items", "{0F6F4FC1-05DC-41EA-B054-54649A2D2662}"
	ProjectSection(SolutionItems) = preProject
		WE-Palette.css = WE-Palette.css
	EndProjectSection
EndProject
Global
	GlobalSection(SolutionConfigurationPlatforms) = preSolution
		Debug|Any CPU = Debug|Any CPU
		Release|Any CPU = Release|Any CPU
	EndGlobalSection
	GlobalSection(ProjectConfigurationPlatforms) = postSolution
		{2C7771E4-C3C0-4C63-A481-B666700CEE39}.Debug|Any CPU.ActiveCfg = Debug|Any CPU
		{2C7771E4-C3C0-4C63-A481-B666700CEE39}.Debug|Any CPU.Build.0 = Debug|Any CPU
		{2C7771E4-C3C0-4C63-A481-B666700CEE39}.Release|Any CPU.ActiveCfg = Release|Any CPU
		{2C7771E4-C3C0-4C63-A481-B666700CEE39}.Release|Any CPU.Build.0 = Release|Any CPU
		{1B9450B2-104B-4A42-808F-CFF67E547EAD}.Debug|Any CPU.ActiveCfg = Debug|Any CPU
		{1B9450B2-104B-4A42-808F-CFF67E547EAD}.Debug|Any CPU.Build.0 = Debug|Any CPU
		{1B9450B2-104B-4A42-808F-CFF67E547EAD}.Release|Any CPU.ActiveCfg = Release|Any CPU
		{1B9450B2-104B-4A42-808F-CFF67E547EAD}.Release|Any CPU.Build.0 = Release|Any CPU
		{ABE43508-B442-4D8F-AE39-0BF18BE6B1CE}.Debug|Any CPU.ActiveCfg = Debug|Any CPU
		{ABE43508-B442-4D8F-AE39-0BF18BE6B1CE}.Debug|Any CPU.Build.0 = Debug|Any CPU
		{ABE43508-B442-4D8F-AE39-0BF18BE6B1CE}.Release|Any CPU.ActiveCfg = Release|Any CPU
		{ABE43508-B442-4D8F-AE39-0BF18BE6B1CE}.Release|Any CPU.Build.0 = Release|Any CPU
		{DFD7C31E-044F-4450-A189-CB9694880A4A}.Debug|Any CPU.ActiveCfg = Debug|Any CPU
		{DFD7C31E-044F-4450-A189-CB9694880A4A}.Debug|Any CPU.Build.0 = Debug|Any CPU
		{DFD7C31E-044F-4450-A189-CB9694880A4A}.Release|Any CPU.ActiveCfg = Debug|Any CPU
		{DFD7C31E-044F-4450-A189-CB9694880A4A}.Release|Any CPU.Build.0 = Debug|Any CPU
	EndGlobalSection
	GlobalSection(SolutionProperties) = preSolution
		HideSolutionNode = FALSE
	EndGlobalSection
EndGlobal
